// !$*UTF8*$!
{
	archiveVersion = 1;
	classes = {
	};
	objectVersion = 46;
	objects = {

/* Begin PBXBuildFile section */
		A51F093A1DFE19EC007B3ADA /* Places.xcdatamodeld in Sources */ = {isa = PBXBuildFile; fileRef = A51F09381DFE19EC007B3ADA /* Places.xcdatamodeld */; };
		A5398A3F1DF777B900E75DA6 /* AppDelegate.swift in Sources */ = {isa = PBXBuildFile; fileRef = A5398A3E1DF777B900E75DA6 /* AppDelegate.swift */; };
		A5398A411DF777B900E75DA6 /* ViewController.swift in Sources */ = {isa = PBXBuildFile; fileRef = A5398A401DF777B900E75DA6 /* ViewController.swift */; };
		A5398A441DF777B900E75DA6 /* Main.storyboard in Resources */ = {isa = PBXBuildFile; fileRef = A5398A421DF777B900E75DA6 /* Main.storyboard */; };
		A5398A461DF777B900E75DA6 /* Assets.xcassets in Resources */ = {isa = PBXBuildFile; fileRef = A5398A451DF777B900E75DA6 /* Assets.xcassets */; };
		A5398A491DF777B900E75DA6 /* LaunchScreen.storyboard in Resources */ = {isa = PBXBuildFile; fileRef = A5398A471DF777B900E75DA6 /* LaunchScreen.storyboard */; };
		A5398A511DF77C2400E75DA6 /* PlaceCell.swift in Sources */ = {isa = PBXBuildFile; fileRef = A5398A501DF77C2400E75DA6 /* PlaceCell.swift */; };
		A5398A551DF77D3900E75DA6 /* DetailViewController.swift in Sources */ = {isa = PBXBuildFile; fileRef = A5398A521DF77D3900E75DA6 /* DetailViewController.swift */; };
		A5398A561DF77D3900E75DA6 /* PlaceDetailViewCell.swift in Sources */ = {isa = PBXBuildFile; fileRef = A5398A531DF77D3900E75DA6 /* PlaceDetailViewCell.swift */; };
		A5398A571DF77D3900E75DA6 /* ReviewViewController.swift in Sources */ = {isa = PBXBuildFile; fileRef = A5398A541DF77D3900E75DA6 /* ReviewViewController.swift */; };
		A5398A591DF77D8B00E75DA6 /* Place.swift in Sources */ = {isa = PBXBuildFile; fileRef = A5398A581DF77D8B00E75DA6 /* Place.swift */; };
		A547D52C1DFF511600B6EE2F /* RoundedButton.swift in Sources */ = {isa = PBXBuildFile; fileRef = A547D52B1DFF511600B6EE2F /* RoundedButton.swift */; };
		A567B5FF1DF9E19D00C43594 /* MapViewController.swift in Sources */ = {isa = PBXBuildFile; fileRef = A567B5FE1DF9E19C00C43594 /* MapViewController.swift */; };
		A567B6011DFB86CD00C43594 /* AddPlaceViewController.swift in Sources */ = {isa = PBXBuildFile; fileRef = A567B6001DFB86CD00C43594 /* AddPlaceViewController.swift */; };
		A576E1781DF9C290000A0460 /* MapKit.framework in Frameworks */ = {isa = PBXBuildFile; fileRef = A576E1771DF9C28F000A0460 /* MapKit.framework */; };
/* End PBXBuildFile section */

/* Begin PBXFileReference section */
		A51F09391DFE19EC007B3ADA /* Places.xcdatamodel */ = {isa = PBXFileReference; lastKnownFileType = wrapper.xcdatamodel; path = Places.xcdatamodel; sourceTree = "<group>"; };
		A5398A3B1DF777B900E75DA6 /* Places.app */ = {isa = PBXFileReference; explicitFileType = wrapper.application; includeInIndex = 0; path = Places.app; sourceTree = BUILT_PRODUCTS_DIR; };
		A5398A3E1DF777B900E75DA6 /* AppDelegate.swift */ = {isa = PBXFileReference; lastKnownFileType = sourcecode.swift; path = AppDelegate.swift; sourceTree = "<group>"; };
		A5398A401DF777B900E75DA6 /* ViewController.swift */ = {isa = PBXFileReference; lastKnownFileType = sourcecode.swift; path = ViewController.swift; sourceTree = "<group>"; };
		A5398A431DF777B900E75DA6 /* Base */ = {isa = PBXFileReference; lastKnownFileType = file.storyboard; name = Base; path = Base.lproj/Main.storyboard; sourceTree = "<group>"; };
		A5398A451DF777B900E75DA6 /* Assets.xcassets */ = {isa = PBXFileReference; lastKnownFileType = folder.assetcatalog; path = Assets.xcassets; sourceTree = "<group>"; };
		A5398A481DF777B900E75DA6 /* Base */ = {isa = PBXFileReference; lastKnownFileType = file.storyboard; name = Base; path = Base.lproj/LaunchScreen.storyboard; sourceTree = "<group>"; };
		A5398A4A1DF777B900E75DA6 /* Info.plist */ = {isa = PBXFileReference; lastKnownFileType = text.plist.xml; path = Info.plist; sourceTree = "<group>"; };
		A5398A501DF77C2400E75DA6 /* PlaceCell.swift */ = {isa = PBXFileReference; fileEncoding = 4; lastKnownFileType = sourcecode.swift; path = PlaceCell.swift; sourceTree = "<group>"; };
		A5398A521DF77D3900E75DA6 /* DetailViewController.swift */ = {isa = PBXFileReference; fileEncoding = 4; lastKnownFileType = sourcecode.swift; path = DetailViewController.swift; sourceTree = "<group>"; };
		A5398A531DF77D3900E75DA6 /* PlaceDetailViewCell.swift */ = {isa = PBXFileReference; fileEncoding = 4; lastKnownFileType = sourcecode.swift; path = PlaceDetailViewCell.swift; sourceTree = "<group>"; };
		A5398A541DF77D3900E75DA6 /* ReviewViewController.swift */ = {isa = PBXFileReference; fileEncoding = 4; lastKnownFileType = sourcecode.swift; path = ReviewViewController.swift; sourceTree = "<group>"; };
		A5398A581DF77D8B00E75DA6 /* Place.swift */ = {isa = PBXFileReference; fileEncoding = 4; lastKnownFileType = sourcecode.swift; path = Place.swift; sourceTree = "<group>"; };
		A547D52B1DFF511600B6EE2F /* RoundedButton.swift */ = {isa = PBXFileReference; fileEncoding = 4; lastKnownFileType = sourcecode.swift; path = RoundedButton.swift; sourceTree = "<group>"; };
		A567B5FE1DF9E19C00C43594 /* MapViewController.swift */ = {isa = PBXFileReference; fileEncoding = 4; lastKnownFileType = sourcecode.swift; path = MapViewController.swift; sourceTree = "<group>"; };
		A567B6001DFB86CD00C43594 /* AddPlaceViewController.swift */ = {isa = PBXFileReference; fileEncoding = 4; lastKnownFileType = sourcecode.swift; path = AddPlaceViewController.swift; sourceTree = "<group>"; };
		A576E1771DF9C28F000A0460 /* MapKit.framework */ = {isa = PBXFileReference; lastKnownFileType = wrapper.framework; name = MapKit.framework; path = System/Library/Frameworks/MapKit.framework; sourceTree = SDKROOT; };
/* End PBXFileReference section */

/* Begin PBXFrameworksBuildPhase section */
		A5398A381DF777B900E75DA6 /* Frameworks */ = {
			isa = PBXFrameworksBuildPhase;
			buildActionMask = 2147483647;
			files = (
				A576E1781DF9C290000A0460 /* MapKit.framework in Frameworks */,
			);
			runOnlyForDeploymentPostprocessing = 0;
		};
/* End PBXFrameworksBuildPhase section */

/* Begin PBXGroup section */
		A5398A321DF777B900E75DA6 = {
			isa = PBXGroup;
			children = (
				A5398A3D1DF777B900E75DA6 /* Places */,
				A5398A3C1DF777B900E75DA6 /* Products */,
				A576E1761DF9C28F000A0460 /* Frameworks */,
			);
			sourceTree = "<group>";
		};
		A5398A3C1DF777B900E75DA6 /* Products */ = {
			isa = PBXGroup;
			children = (
				A5398A3B1DF777B900E75DA6 /* Places.app */,
			);
			name = Products;
			sourceTree = "<group>";
		};
		A5398A3D1DF777B900E75DA6 /* Places */ = {
			isa = PBXGroup;
			children = (
				A5398A4A1DF777B900E75DA6 /* Info.plist */,
				A5398A3E1DF777B900E75DA6 /* AppDelegate.swift */,
				A5398A521DF77D3900E75DA6 /* DetailViewController.swift */,
				A567B5FE1DF9E19C00C43594 /* MapViewController.swift */,
				A5398A581DF77D8B00E75DA6 /* Place.swift */,
				A51F09381DFE19EC007B3ADA /* Places.xcdatamodeld */,
				A5398A501DF77C2400E75DA6 /* PlaceCell.swift */,
				A5398A531DF77D3900E75DA6 /* PlaceDetailViewCell.swift */,
				A5398A541DF77D3900E75DA6 /* ReviewViewController.swift */,
				A5398A401DF777B900E75DA6 /* ViewController.swift */,
				A567B6001DFB86CD00C43594 /* AddPlaceViewController.swift */,
				A547D52B1DFF511600B6EE2F /* RoundedButton.swift */,
				A5398A451DF777B900E75DA6 /* Assets.xcassets */,
				A5398A471DF777B900E75DA6 /* LaunchScreen.storyboard */,
				A5398A421DF777B900E75DA6 /* Main.storyboard */,
			);
			path = Places;
			sourceTree = "<group>";
		};
		A576E1761DF9C28F000A0460 /* Frameworks */ = {
			isa = PBXGroup;
			children = (
				A576E1771DF9C28F000A0460 /* MapKit.framework */,
			);
			name = Frameworks;
			sourceTree = "<group>";
		};
/* End PBXGroup section */

/* Begin PBXNativeTarget section */
		A5398A3A1DF777B900E75DA6 /* Places */ = {
			isa = PBXNativeTarget;
			buildConfigurationList = A5398A4D1DF777B900E75DA6 /* Build configuration list for PBXNativeTarget "Places" */;
			buildPhases = (
				A5398A371DF777B900E75DA6 /* Sources */,
				A5398A381DF777B900E75DA6 /* Frameworks */,
				A5398A391DF777B900E75DA6 /* Resources */,
			);
			buildRules = (
			);
			dependencies = (
			);
			name = Places;
			productName = Places;
			productReference = A5398A3B1DF777B900E75DA6 /* Places.app */;
			productType = "com.apple.product-type.application";
		};
/* End PBXNativeTarget section */

/* Begin PBXProject section */
		A5398A331DF777B900E75DA6 /* Project object */ = {
			isa = PBXProject;
			attributes = {
				LastSwiftUpdateCheck = 0810;
				LastUpgradeCheck = 0810;
				ORGANIZATIONNAME = "Juan Manuel Jimenez Sanchez";
				TargetAttributes = {
					A5398A3A1DF777B900E75DA6 = {
						CreatedOnToolsVersion = 8.1;
						ProvisioningStyle = Automatic;
						SystemCapabilities = {
							com.apple.Maps.iOS = {
								enabled = 0;
							};
						};
					};
				};
			};
			buildConfigurationList = A5398A361DF777B900E75DA6 /* Build configuration list for PBXProject "Places" */;
			compatibilityVersion = "Xcode 3.2";
			developmentRegion = English;
			hasScannedForEncodings = 0;
			knownRegions = (
				en,
				Base,
			);
			mainGroup = A5398A321DF777B900E75DA6;
			productRefGroup = A5398A3C1DF777B900E75DA6 /* Products */;
			projectDirPath = "";
			projectRoot = "";
			targets = (
				A5398A3A1DF777B900E75DA6 /* Places */,
			);
		};
/* End PBXProject section */

/* Begin PBXResourcesBuildPhase section */
		A5398A391DF777B900E75DA6 /* Resources */ = {
			isa = PBXResourcesBuildPhase;
			buildActionMask = 2147483647;
			files = (
				A5398A491DF777B900E75DA6 /* LaunchScreen.storyboard in Resources */,
				A5398A461DF777B900E75DA6 /* Assets.xcassets in Resources */,
				A5398A441DF777B900E75DA6 /* Main.storyboard in Resources */,
			);
			runOnlyForDeploymentPostprocessing = 0;
		};
/* End PBXResourcesBuildPhase section */

/* Begin PBXSourcesBuildPhase section */
		A5398A371DF777B900E75DA6 /* Sources */ = {
			isa = PBXSourcesBuildPhase;
			buildActionMask = 2147483647;
			files = (
				A5398A511DF77C2400E75DA6 /* PlaceCell.swift in Sources */,
				A51F093A1DFE19EC007B3ADA /* Places.xcdatamodeld in Sources */,
				A5398A411DF777B900E75DA6 /* ViewController.swift in Sources */,
				A5398A571DF77D3900E75DA6 /* ReviewViewController.swift in Sources */,
				A567B6011DFB86CD00C43594 /* AddPlaceViewController.swift in Sources */,
				A5398A561DF77D3900E75DA6 /* PlaceDetailViewCell.swift in Sources */,
				A547D52C1DFF511600B6EE2F /* RoundedButton.swift in Sources */,
				A5398A3F1DF777B900E75DA6 /* AppDelegate.swift in Sources */,
				A5398A591DF77D8B00E75DA6 /* Place.swift in Sources */,
				A5398A551DF77D3900E75DA6 /* DetailViewController.swift in Sources */,
				A567B5FF1DF9E19D00C43594 /* MapViewController.swift in Sources */,
			);
			runOnlyForDeploymentPostprocessing = 0;
		};
/* End PBXSourcesBuildPhase section */

/* Begin PBXVariantGroup section */
		A5398A421DF777B900E75DA6 /* Main.storyboard */ = {
			isa = PBXVariantGroup;
			children = (
				A5398A431DF777B900E75DA6 /* Base */,
			);
			name = Main.storyboard;
			sourceTree = "<group>";
		};
		A5398A471DF777B900E75DA6 /* LaunchScreen.storyboard */ = {
			isa = PBXVariantGroup;
			children = (
				A5398A481DF777B900E75DA6 /* Base */,
			);
			name = LaunchScreen.storyboard;
			sourceTree = "<group>";
		};
/* End PBXVariantGroup section */

/* Begin XCBuildConfiguration section */
		A5398A4B1DF777B900E75DA6 /* Debug */ = {
			isa = XCBuildConfiguration;
			buildSettings = {
				ALWAYS_SEARCH_USER_PATHS = NO;
				CLANG_ANALYZER_NONNULL = YES;
				CLANG_CXX_LANGUAGE_STANDARD = "gnu++0x";
				CLANG_CXX_LIBRARY = "libc++";
				CLANG_ENABLE_MODULES = YES;
				CLANG_ENABLE_OBJC_ARC = YES;
				CLANG_WARN_BOOL_CONVERSION = YES;
				CLANG_WARN_CONSTANT_CONVERSION = YES;
				CLANG_WARN_DIRECT_OBJC_ISA_USAGE = YES_ERROR;
				CLANG_WARN_DOCUMENTATION_COMMENTS = YES;
				CLANG_WARN_EMPTY_BODY = YES;
				CLANG_WARN_ENUM_CONVERSION = YES;
				CLANG_WARN_INFINITE_RECURSION = YES;
				CLANG_WARN_INT_CONVERSION = YES;
				CLANG_WARN_OBJC_ROOT_CLASS = YES_ERROR;
				CLANG_WARN_SUSPICIOUS_MOVES = YES;
				CLANG_WARN_UNREACHABLE_CODE = YES;
				CLANG_WARN__DUPLICATE_METHOD_MATCH = YES;
				"CODE_SIGN_IDENTITY[sdk=iphoneos*]" = "iPhone Developer";
				COPY_PHASE_STRIP = NO;
				DEBUG_INFORMATION_FORMAT = dwarf;
				ENABLE_STRICT_OBJC_MSGSEND = YES;
				ENABLE_TESTABILITY = YES;
				GCC_C_LANGUAGE_STANDARD = gnu99;
				GCC_DYNAMIC_NO_PIC = NO;
				GCC_NO_COMMON_BLOCKS = YES;
				GCC_OPTIMIZATION_LEVEL = 0;
				GCC_PREPROCESSOR_DEFINITIONS = (
					"DEBUG=1",
					"$(inherited)",
				);
				GCC_WARN_64_TO_32_BIT_CONVERSION = YES;
				GCC_WARN_ABOUT_RETURN_TYPE = YES_ERROR;
				GCC_WARN_UNDECLARED_SELECTOR = YES;
				GCC_WARN_UNINITIALIZED_AUTOS = YES_AGGRESSIVE;
				GCC_WARN_UNUSED_FUNCTION = YES;
				GCC_WARN_UNUSED_VARIABLE = YES;
				IPHONEOS_DEPLOYMENT_TARGET = 10.1;
				MTL_ENABLE_DEBUG_INFO = YES;
				ONLY_ACTIVE_ARCH = YES;
				SDKROOT = iphoneos;
				SWIFT_ACTIVE_COMPILATION_CONDITIONS = DEBUG;
				SWIFT_OPTIMIZATION_LEVEL = "-Onone";
				TARGETED_DEVICE_FAMILY = "1,2";
			};
			name = Debug;
		};
		A5398A4C1DF777B900E75DA6 /* Release */ = {
			isa = XCBuildConfiguration;
			buildSettings = {
				ALWAYS_SEARCH_USER_PATHS = NO;
				CLANG_ANALYZER_NONNULL = YES;
				CLANG_CXX_LANGUAGE_STANDARD = "gnu++0x";
				CLANG_CXX_LIBRARY = "libc++";
				CLANG_ENABLE_MODULES = YES;
				CLANG_ENABLE_OBJC_ARC = YES;
				CLANG_WARN_BOOL_CONVERSION = YES;
				CLANG_WARN_CONSTANT_CONVERSION = YES;
				CLANG_WARN_DIRECT_OBJC_ISA_USAGE = YES_ERROR;
				CLANG_WARN_DOCUMENTATION_COMMENTS = YES;
				CLANG_WARN_EMPTY_BODY = YES;
				CLANG_WARN_ENUM_CONVERSION = YES;
				CLANG_WARN_INFINITE_RECURSION = YES;
				CLANG_WARN_INT_CONVERSION = YES;
				CLANG_WARN_OBJC_ROOT_CLASS = YES_ERROR;
				CLANG_WARN_SUSPICIOUS_MOVES = YES;
				CLANG_WARN_UNREACHABLE_CODE = YES;
				CLANG_WARN__DUPLICATE_METHOD_MATCH = YES;
				"CODE_SIGN_IDENTITY[sdk=iphoneos*]" = "iPhone Developer";
				COPY_PHASE_STRIP = NO;
				DEBUG_INFORMATION_FORMAT = "dwarf-with-dsym";
				ENABLE_NS_ASSERTIONS = NO;
				ENABLE_STRICT_OBJC_MSGSEND = YES;
				GCC_C_LANGUAGE_STANDARD = gnu99;
				GCC_NO_COMMON_BLOCKS = YES;
				GCC_WARN_64_TO_32_BIT_CONVERSION = YES;
				GCC_WARN_ABOUT_RETURN_TYPE = YES_ERROR;
				GCC_WARN_UNDECLARED_SELECTOR = YES;
				GCC_WARN_UNINITIALIZED_AUTOS = YES_AGGRESSIVE;
				GCC_WARN_UNUSED_FUNCTION = YES;
				GCC_WARN_UNUSED_VARIABLE = YES;
				IPHONEOS_DEPLOYMENT_TARGET = 10.1;
				MTL_ENABLE_DEBUG_INFO = NO;
				SDKROOT = iphoneos;
				SWIFT_OPTIMIZATION_LEVEL = "-Owholemodule";
				TARGETED_DEVICE_FAMILY = "1,2";
				VALIDATE_PRODUCT = YES;
			};
			name = Release;
		};
		A5398A4E1DF777B900E75DA6 /* Debug */ = {
			isa = XCBuildConfiguration;
			buildSettings = {
				ASSETCATALOG_COMPILER_APPICON_NAME = AppIcon;
				INFOPLIST_FILE = Places/Info.plist;
				LD_RUNPATH_SEARCH_PATHS = "$(inherited) @executable_path/Frameworks";
				PRODUCT_BUNDLE_IDENTIFIER = com.juanmjimenezs.Places;
				PRODUCT_NAME = "$(TARGET_NAME)";
				SWIFT_VERSION = 3.0;
			};
			name = Debug;
		};
		A5398A4F1DF777B900E75DA6 /* Release */ = {
			isa = XCBuildConfiguration;
			buildSettings = {
				ASSETCATALOG_COMPILER_APPICON_NAME = AppIcon;
				INFOPLIST_FILE = Places/Info.plist;
				LD_RUNPATH_SEARCH_PATHS = "$(inherited) @executable_path/Frameworks";
				PRODUCT_BUNDLE_IDENTIFIER = com.juanmjimenezs.Places;
				PRODUCT_NAME = "$(TARGET_NAME)";
				SWIFT_VERSION = 3.0;
			};
			name = Release;
		};
/* End XCBuildConfiguration section */

/* Begin XCConfigurationList section */
		A5398A361DF777B900E75DA6 /* Build configuration list for PBXProject "Places" */ = {
			isa = XCConfigurationList;
			buildConfigurations = (
				A5398A4B1DF777B900E75DA6 /* Debug */,
				A5398A4C1DF777B900E75DA6 /* Release */,
			);
			defaultConfigurationIsVisible = 0;
			defaultConfigurationName = Release;
		};
		A5398A4D1DF777B900E75DA6 /* Build configuration list for PBXNativeTarget "Places" */ = {
			isa = XCConfigurationList;
			buildConfigurations = (
				A5398A4E1DF777B900E75DA6 /* Debug */,
				A5398A4F1DF777B900E75DA6 /* Release */,
			);
			defaultConfigurationIsVisible = 0;
			defaultConfigurationName = Release;
		};
/* End XCConfigurationList section */

/* Begin XCVersionGroup section */
		A51F09381DFE19EC007B3ADA /* Places.xcdatamodeld */ = {
			isa = XCVersionGroup;
			children = (
				A51F09391DFE19EC007B3ADA /* Places.xcdatamodel */,
			);
			currentVersion = A51F09391DFE19EC007B3ADA /* Places.xcdatamodel */;
			path = Places.xcdatamodeld;
			sourceTree = "<group>";
			versionGroupType = wrapper.xcdatamodel;
		};
/* End XCVersionGroup section */
	};
	rootObject = A5398A331DF777B900E75DA6 /* Project object */;
}
